PODS:
  - Bolts/Tasks (1.9.1)
  - CLTypingLabel (0.3.0)
  - DropDown (2.3.13)
  - Parse (1.19.3):
    - Parse/Core (= 1.19.3)
  - Parse/Core (1.19.3):
    - Bolts/Tasks (= 1.9.1)

DEPENDENCIES:
  - CLTypingLabel
  - DropDown
  - Parse

SPEC REPOS:
  trunk:
    - Bolts
    - CLTypingLabel
    - DropDown
    - Parse

SPEC CHECKSUMS:
  Bolts: 8c1e8aab2f603387b8b9924f57d1d64f43d3ffdc
  CLTypingLabel: e5f3adf9467a38664a505e6475c23946c3b3c424
  DropDown: 8a2116376c1981888557f72ec2ffc9a5e0e456ec
  Parse: 0abb63a0ff6fa34a3f64b81d595a294e2ece143a

PODFILE CHECKSUM: 72628abdcbb98fde841472f9e696182516d9f542

COCOAPODS: 1.11.3
